
Microsoft Visual Studio Solution File, Format Version 12.00
# Visual Studio Version 16
VisualStudioVersion = 16.0.29613.14
MinimumVisualStudioVersion = 10.0.40219.1
Project("{FAE04EC0-301F-11D3-BF4B-00C04F79EFBC}") = "FornavnEfternavn.WpfControls.GUI", "FornavnEfternavn.WpfControls.GUI\FornavnEfternavn.WpfControls.GUI.csproj", "{DA91731C-9CD1-435B-95B7-E145C8FE0B96}"
EndProject
Project("{FAE04EC0-301F-11D3-BF4B-00C04F79EFBC}") = "FornavnEfternavn.WpfControls.Core", "FornavnEfternavn.WpfControls.Core\FornavnEfternavn.WpfControls.Core.csproj", "{6AE398A4-DD48-4CCA-92C7-DBF89A227A05}"
EndProject
Project("{FAE04EC0-301F-11D3-BF4B-00C04F79EFBC}") = "FornavnEfternavn.WpfControls.Web.Server", "FornavnEfternavn.WpfControls.Web.Server\FornavnEfternavn.WpfControls.Web.Server.csproj", "{C5964738-9E96-4C50-A314-9F7276758B95}"
EndProject
Global
	GlobalSection(SolutionConfigurationPlatforms) = preSolution
		Debug|Any CPU = Debug|Any CPU
		Release|Any CPU = Release|Any CPU
	EndGlobalSection
	GlobalSection(ProjectConfigurationPlatforms) = postSolution
		{DA91731C-9CD1-435B-95B7-E145C8FE0B96}.Debug|Any CPU.ActiveCfg = Debug|Any CPU
		{DA91731C-9CD1-435B-95B7-E145C8FE0B96}.Debug|Any CPU.Build.0 = Debug|Any CPU
		{DA91731C-9CD1-435B-95B7-E145C8FE0B96}.Release|Any CPU.ActiveCfg = Release|Any CPU
		{DA91731C-9CD1-435B-95B7-E145C8FE0B96}.Release|Any CPU.Build.0 = Release|Any CPU
		{6AE398A4-DD48-4CCA-92C7-DBF89A227A05}.Debug|Any CPU.ActiveCfg = Debug|Any CPU
		{6AE398A4-DD48-4CCA-92C7-DBF89A227A05}.Debug|Any CPU.Build.0 = Debug|Any CPU
		{6AE398A4-DD48-4CCA-92C7-DBF89A227A05}.Release|Any CPU.ActiveCfg = Release|Any CPU
		{6AE398A4-DD48-4CCA-92C7-DBF89A227A05}.Release|Any CPU.Build.0 = Release|Any CPU
		{C5964738-9E96-4C50-A314-9F7276758B95}.Debug|Any CPU.ActiveCfg = Debug|Any CPU
		{C5964738-9E96-4C50-A314-9F7276758B95}.Debug|Any CPU.Build.0 = Debug|Any CPU
		{C5964738-9E96-4C50-A314-9F7276758B95}.Release|Any CPU.ActiveCfg = Release|Any CPU
		{C5964738-9E96-4C50-A314-9F7276758B95}.Release|Any CPU.Build.0 = Release|Any CPU
	EndGlobalSection
	GlobalSection(SolutionProperties) = preSolution
		HideSolutionNode = FALSE
	EndGlobalSection
	GlobalSection(ExtensibilityGlobals) = postSolution
		SolutionGuid = {7D49CAC0-9FDC-4841-AD0B-169FE3FE1B96}
	EndGlobalSection
EndGlobal
